
Microsoft Visual Studio Solution File, Format Version 12.00
# Visual Studio Version 17
VisualStudioVersion = 17.6.33723.286
MinimumVisualStudioVersion = 10.0.40219.1
Project("{9A19103F-16F7-4668-BE54-9A1E7A4F7556}") = "echo_ja", "echo_ja\echo_ja.csproj", "{19377B9A-F39B-4BEC-8DCD-A70B14008111}"
	ProjectSection(ProjectDependencies) = postProject
		{EC835B28-D2AD-413E-9321-6622A79AEE60} = {EC835B28-D2AD-413E-9321-6622A79AEE60}
	EndProjectSection
EndProject
Project("{8BC9CEB8-8B4A-11D0-8D11-00A0C91BC942}") = "echo_dll_c", "echo_dll_c\echo_dll_c.vcxproj", "{EC835B28-D2AD-413E-9321-6622A79AEE60}"
EndProject
Project("{8BC9CEB8-8B4A-11D0-8D11-00A0C91BC942}") = "echo_dll_asm", "echo_dll_asm\echo_dll_asm.vcxproj", "{B58D6B1B-1D33-46B6-8EA2-F9032A98B87A}"
EndProject
Global
	GlobalSection(SolutionConfigurationPlatforms) = preSolution
		Debug|Any CPU = Debug|Any CPU
		Debug|x64 = Debug|x64
		Debug|x86 = Debug|x86
		Release|Any CPU = Release|Any CPU
		Release|x64 = Release|x64
		Release|x86 = Release|x86
	EndGlobalSection
	GlobalSection(ProjectConfigurationPlatforms) = postSolution
		{19377B9A-F39B-4BEC-8DCD-A70B14008111}.Debug|Any CPU.ActiveCfg = Debug|Any CPU
		{19377B9A-F39B-4BEC-8DCD-A70B14008111}.Debug|Any CPU.Build.0 = Debug|Any CPU
		{19377B9A-F39B-4BEC-8DCD-A70B14008111}.Debug|x64.ActiveCfg = Debug|Any CPU
		{19377B9A-F39B-4BEC-8DCD-A70B14008111}.Debug|x64.Build.0 = Debug|Any CPU
		{19377B9A-F39B-4BEC-8DCD-A70B14008111}.Debug|x86.ActiveCfg = Debug|Any CPU
		{19377B9A-F39B-4BEC-8DCD-A70B14008111}.Debug|x86.Build.0 = Debug|Any CPU
		{19377B9A-F39B-4BEC-8DCD-A70B14008111}.Release|Any CPU.ActiveCfg = Release|Any CPU
		{19377B9A-F39B-4BEC-8DCD-A70B14008111}.Release|Any CPU.Build.0 = Release|Any CPU
		{19377B9A-F39B-4BEC-8DCD-A70B14008111}.Release|x64.ActiveCfg = Release|Any CPU
		{19377B9A-F39B-4BEC-8DCD-A70B14008111}.Release|x64.Build.0 = Release|Any CPU
		{19377B9A-F39B-4BEC-8DCD-A70B14008111}.Release|x86.ActiveCfg = Release|Any CPU
		{19377B9A-F39B-4BEC-8DCD-A70B14008111}.Release|x86.Build.0 = Release|Any CPU
		{EC835B28-D2AD-413E-9321-6622A79AEE60}.Debug|Any CPU.ActiveCfg = Debug|x64
		{EC835B28-D2AD-413E-9321-6622A79AEE60}.Debug|Any CPU.Build.0 = Debug|x64
		{EC835B28-D2AD-413E-9321-6622A79AEE60}.Debug|x64.ActiveCfg = Debug|x64
		{EC835B28-D2AD-413E-9321-6622A79AEE60}.Debug|x64.Build.0 = Debug|x64
		{EC835B28-D2AD-413E-9321-6622A79AEE60}.Debug|x86.ActiveCfg = Debug|x64
		{EC835B28-D2AD-413E-9321-6622A79AEE60}.Debug|x86.Build.0 = Debug|x64
		{EC835B28-D2AD-413E-9321-6622A79AEE60}.Release|Any CPU.ActiveCfg = Release|x64
		{EC835B28-D2AD-413E-9321-6622A79AEE60}.Release|Any CPU.Build.0 = Release|x64
		{EC835B28-D2AD-413E-9321-6622A79AEE60}.Release|x64.ActiveCfg = Release|x64
		{EC835B28-D2AD-413E-9321-6622A79AEE60}.Release|x64.Build.0 = Release|x64
		{EC835B28-D2AD-413E-9321-6622A79AEE60}.Release|x86.ActiveCfg = Release|Win32
		{EC835B28-D2AD-413E-9321-6622A79AEE60}.Release|x86.Build.0 = Release|Win32
		{B58D6B1B-1D33-46B6-8EA2-F9032A98B87A}.Debug|Any CPU.ActiveCfg = Debug|x64
		{B58D6B1B-1D33-46B6-8EA2-F9032A98B87A}.Debug|Any CPU.Build.0 = Debug|x64
		{B58D6B1B-1D33-46B6-8EA2-F9032A98B87A}.Debug|x64.ActiveCfg = Debug|x64
		{B58D6B1B-1D33-46B6-8EA2-F9032A98B87A}.Debug|x64.Build.0 = Debug|x64
		{B58D6B1B-1D33-46B6-8EA2-F9032A98B87A}.Debug|x86.ActiveCfg = Debug|x64
		{B58D6B1B-1D33-46B6-8EA2-F9032A98B87A}.Debug|x86.Build.0 = Debug|x64
		{B58D6B1B-1D33-46B6-8EA2-F9032A98B87A}.Release|Any CPU.ActiveCfg = Release|x64
		{B58D6B1B-1D33-46B6-8EA2-F9032A98B87A}.Release|Any CPU.Build.0 = Release|x64
		{B58D6B1B-1D33-46B6-8EA2-F9032A98B87A}.Release|x64.ActiveCfg = Release|x64
		{B58D6B1B-1D33-46B6-8EA2-F9032A98B87A}.Release|x64.Build.0 = Release|x64
		{B58D6B1B-1D33-46B6-8EA2-F9032A98B87A}.Release|x86.ActiveCfg = Release|Win32
		{B58D6B1B-1D33-46B6-8EA2-F9032A98B87A}.Release|x86.Build.0 = Release|Win32
	EndGlobalSection
	GlobalSection(SolutionProperties) = preSolution
		HideSolutionNode = FALSE
	EndGlobalSection
	GlobalSection(ExtensibilityGlobals) = postSolution
		SolutionGuid = {E614A015-C0FA-43F8-9C2A-82F2CA40DEF2}
	EndGlobalSection
EndGlobal
